<?xml version="1.0" encoding="UTF-8"?>
<Scheme
   version = "1.3">
   <BuildAction>
      <BuildActionEntries>
         <BuildActionEntry
            buildForRunning = "YES">
            <BuildableReference
               BuildableIdentifier = "primary"
               BlueprintIdentifier = "82289E4568AB2E82CC72DCBC"
               BuildableName = "GameOfLife.app"
               BlueprintName = "GameOfLife (App)"
               ReferencedContainer = "container:GameOfLife.xcodeproj">
            </BuildableReference>
         </BuildActionEntry>
      </BuildActionEntries>
   </BuildAction>
   <LaunchAction
      useCustomWorkingDirectory = "NO"
      buildConfiguration = "Debug">
      <BuildableProductRunnable>
         <BuildableReference
            BuildableIdentifier = "primary"
            BlueprintIdentifier = "82289E4568AB2E82CC72DCBC"
            BuildableName = "GameOfLife.app"
            BlueprintName = "GameOfLife (App)"
            ReferencedContainer = "container:GameOfLife.xcodeproj">
         </BuildableReference>
      </BuildableProductRunnable>
   </LaunchAction>
</Scheme>
